
Microsoft Visual Studio Solution File, Format Version 12.00
# Visual Studio Version 16
VisualStudioVersion = 16.0.34301.259
MinimumVisualStudioVersion = 10.0.40219.1
Project("{8BC9CEB8-8B4A-11D0-8D11-00A0C91BC942}") = "arraycopy", "arraycopy\arraycopy.vcxproj", "{F9112236-1C34-451F-AC5B-ABE69D7792C8}"
EndProject
Global
	GlobalSection(SolutionConfigurationPlatforms) = preSolution
		Debug|x64 = Debug|x64
		Debug|x86 = Debug|x86
		Release|x64 = Release|x64
		Release|x86 = Release|x86
	EndGlobalSection
	GlobalSection(ProjectConfigurationPlatforms) = postSolution
		{F9112236-1C34-451F-AC5B-ABE69D7792C8}.Debug|x64.ActiveCfg = Debug|x64
		{F9112236-1C34-451F-AC5B-ABE69D7792C8}.Debug|x64.Build.0 = Debug|x64
		{F9112236-1C34-451F-AC5B-ABE69D7792C8}.Debug|x86.ActiveCfg = Debug|Win32
		{F9112236-1C34-451F-AC5B-ABE69D7792C8}.Debug|x86.Build.0 = Debug|Win32
		{F9112236-1C34-451F-AC5B-ABE69D7792C8}.Release|x64.ActiveCfg = Release|x64
		{F9112236-1C34-451F-AC5B-ABE69D7792C8}.Release|x64.Build.0 = Release|x64
		{F9112236-1C34-451F-AC5B-ABE69D7792C8}.Release|x86.ActiveCfg = Release|Win32
		{F9112236-1C34-451F-AC5B-ABE69D7792C8}.Release|x86.Build.0 = Release|Win32
	EndGlobalSection
	GlobalSection(SolutionProperties) = preSolution
		HideSolutionNode = FALSE
	EndGlobalSection
	GlobalSection(ExtensibilityGlobals) = postSolution
		SolutionGuid = {03DAE5F0-A20C-4B08-980F-5A4A1A966059}
	EndGlobalSection
EndGlobal
