
Microsoft Visual Studio Solution File, Format Version 12.00
# Visual Studio Version 16
VisualStudioVersion = 16.0.34301.259
MinimumVisualStudioVersion = 10.0.40219.1
Project("{8BC9CEB8-8B4A-11D0-8D11-00A0C91BC942}") = "calc", "calc\calc.vcxproj", "{7C0BD77C-1A7E-4C04-A4B8-EF8A55FF9CD1}"
EndProject
Global
	GlobalSection(SolutionConfigurationPlatforms) = preSolution
		Debug|x64 = Debug|x64
		Debug|x86 = Debug|x86
		Release|x64 = Release|x64
		Release|x86 = Release|x86
	EndGlobalSection
	GlobalSection(ProjectConfigurationPlatforms) = postSolution
		{7C0BD77C-1A7E-4C04-A4B8-EF8A55FF9CD1}.Debug|x64.ActiveCfg = Debug|x64
		{7C0BD77C-1A7E-4C04-A4B8-EF8A55FF9CD1}.Debug|x64.Build.0 = Debug|x64
		{7C0BD77C-1A7E-4C04-A4B8-EF8A55FF9CD1}.Debug|x86.ActiveCfg = Debug|Win32
		{7C0BD77C-1A7E-4C04-A4B8-EF8A55FF9CD1}.Debug|x86.Build.0 = Debug|Win32
		{7C0BD77C-1A7E-4C04-A4B8-EF8A55FF9CD1}.Release|x64.ActiveCfg = Release|x64
		{7C0BD77C-1A7E-4C04-A4B8-EF8A55FF9CD1}.Release|x64.Build.0 = Release|x64
		{7C0BD77C-1A7E-4C04-A4B8-EF8A55FF9CD1}.Release|x86.ActiveCfg = Release|Win32
		{7C0BD77C-1A7E-4C04-A4B8-EF8A55FF9CD1}.Release|x86.Build.0 = Release|Win32
	EndGlobalSection
	GlobalSection(SolutionProperties) = preSolution
		HideSolutionNode = FALSE
	EndGlobalSection
	GlobalSection(ExtensibilityGlobals) = postSolution
		SolutionGuid = {71EF27C6-A6DD-49D8-9052-7C6EF9B24E0D}
	EndGlobalSection
EndGlobal
