
Microsoft Visual Studio Solution File, Format Version 12.00
# Visual Studio Version 16
VisualStudioVersion = 16.0.34301.259
MinimumVisualStudioVersion = 10.0.40219.1
Project("{8BC9CEB8-8B4A-11D0-8D11-00A0C91BC942}") = "marcofunc", "marcofunc\marcofunc.vcxproj", "{D833D11E-AAAD-4831-B7CE-0F3DAB0D2426}"
EndProject
Global
	GlobalSection(SolutionConfigurationPlatforms) = preSolution
		Debug|x64 = Debug|x64
		Debug|x86 = Debug|x86
		Release|x64 = Release|x64
		Release|x86 = Release|x86
	EndGlobalSection
	GlobalSection(ProjectConfigurationPlatforms) = postSolution
		{D833D11E-AAAD-4831-B7CE-0F3DAB0D2426}.Debug|x64.ActiveCfg = Debug|x64
		{D833D11E-AAAD-4831-B7CE-0F3DAB0D2426}.Debug|x64.Build.0 = Debug|x64
		{D833D11E-AAAD-4831-B7CE-0F3DAB0D2426}.Debug|x86.ActiveCfg = Debug|Win32
		{D833D11E-AAAD-4831-B7CE-0F3DAB0D2426}.Debug|x86.Build.0 = Debug|Win32
		{D833D11E-AAAD-4831-B7CE-0F3DAB0D2426}.Release|x64.ActiveCfg = Release|x64
		{D833D11E-AAAD-4831-B7CE-0F3DAB0D2426}.Release|x64.Build.0 = Release|x64
		{D833D11E-AAAD-4831-B7CE-0F3DAB0D2426}.Release|x86.ActiveCfg = Release|Win32
		{D833D11E-AAAD-4831-B7CE-0F3DAB0D2426}.Release|x86.Build.0 = Release|Win32
	EndGlobalSection
	GlobalSection(SolutionProperties) = preSolution
		HideSolutionNode = FALSE
	EndGlobalSection
	GlobalSection(ExtensibilityGlobals) = postSolution
		SolutionGuid = {7919729B-09C2-4962-83C0-A3D11BBE4921}
	EndGlobalSection
EndGlobal
